{
  "name": "mathviz",
  "version": "0.1.1",
  "lockfileVersion": 3,
  "requires": true,
  "packages": {
    "": {
      "name": "mathviz",
      "version": "0.1.1",
      "license": "Apache-2.0",
      "devDependencies": {
        "mathjs": "^15.2.0"
      }
    },
    "../VisualMathLab/node_modules/@babel/runtime": {
      "version": "7.29.7",
      "extraneous": true,
      "license": "MIT",
      "engines": {
        "node": ">=6.9.0"
      }
    },
    "../VisualMathLab/node_modules/complex.js": {
      "version": "2.4.3",
      "extraneous": true,
      "license": "MIT",
      "devDependencies": {
        "crude-build": "^0.1.2",
        "mocha": "*"
      },
      "engines": {
        "node": "*"
      },
      "funding": {
        "type": "github",
        "url": "https://github.com/sponsors/rawify"
      }
    },
    "../VisualMathLab/node_modules/decimal.js": {
      "version": "10.6.0",
      "extraneous": true,
      "license": "MIT"
    },
    "../VisualMathLab/node_modules/escape-latex": {
      "version": "1.2.0",
      "extraneous": true,
      "license": "MIT",
      "devDependencies": {
        "babel-cli": "^6.26.0",
        "babel-core": "^6.26.0",
        "babel-plugin-transform-object-assign": "^6.22.0",
        "babel-preset-env": "^1.6.1",
        "chai": "^4.1.2",
        "eslint": "^5.0.1",
        "eslint-config-google": "^0.9.1",
        "eslint-config-prettier": "^3.0.1",
        "husky": "^0.14.3",
        "lint-staged": "^7.0.5",
        "mocha": "^5.0.0",
        "prettier": "^1.9.2"
      }
    },
    "../VisualMathLab/node_modules/fraction.js": {
      "version": "5.3.4",
      "extraneous": true,
      "license": "MIT",
      "devDependencies": {
        "crude-build": "^0.1.2",
        "mocha": "*"
      },
      "engines": {
        "node": "*"
      },
      "funding": {
        "type": "github",
        "url": "https://github.com/sponsors/rawify"
      }
    },
    "../VisualMathLab/node_modules/javascript-natural-sort": {
      "version": "0.7.1",
      "extraneous": true,
      "license": "MIT"
    },
    "../VisualMathLab/node_modules/mathjs": {
      "version": "15.2.0",
      "dev": true,
      "license": "Apache-2.0",
      "dependencies": {
        "@babel/runtime": "^7.26.10",
        "complex.js": "^2.2.5",
        "decimal.js": "^10.4.3",
        "escape-latex": "^1.2.0",
        "fraction.js": "^5.2.1",
        "javascript-natural-sort": "^0.7.1",
        "seedrandom": "^3.0.5",
        "tiny-emitter": "^2.1.0",
        "typed-function": "^4.2.1"
      },
      "bin": {
        "mathjs": "bin/cli.js"
      },
      "devDependencies": {
        "@babel/core": "7.29.0",
        "@babel/plugin-transform-object-assign": "7.27.1",
        "@babel/plugin-transform-optional-catch-binding": "7.28.6",
        "@babel/plugin-transform-runtime": "7.29.0",
        "@babel/preset-env": "7.29.0",
        "@babel/register": "7.28.6",
        "@types/assert": "1.5.11",
        "@types/mocha": "10.0.10",
        "@typescript-eslint/eslint-plugin": "8.55.0",
        "@typescript-eslint/parser": "8.55.0",
        "assert": "2.1.0",
        "babel-loader": "10.0.0",
        "c8": "10.1.3",
        "codecov": "3.8.3",
        "del": "8.0.1",
        "eigen": "0.2.2",
        "es-check": "9.5.4",
        "eslint": "8.57.1",
        "eslint-config-prettier": "9.1.0",
        "eslint-config-standard": "17.1.0",
        "eslint-plugin-import": "2.32.0",
        "eslint-plugin-mocha": "10.5.0",
        "eslint-plugin-n": "16.6.2",
        "eslint-plugin-prettier": "5.5.4",
        "eslint-plugin-promise": "6.6.0",
        "expect-type": "1.3.0",
        "expr-eval": "2.0.2",
        "fancy-log": "2.0.0",
        "glob": "11.0.3",
        "gulp": "5.0.1",
        "gulp-babel": "8.0.0",
        "handlebars": "4.7.8",
        "jsep": "1.4.0",
        "karma": "6.4.4",
        "karma-firefox-launcher": "2.1.3",
        "karma-mocha": "2.0.1",
        "karma-mocha-reporter": "2.2.5",
        "karma-spec-reporter": "0.0.36",
        "karma-webdriver-launcher": "1.0.8",
        "karma-webpack": "5.0.1",
        "mkdirp": "3.0.1",
        "mocha": "11.7.5",
        "mocha-junit-reporter": "2.2.1",
        "ndarray": "1.0.19",
        "ndarray-determinant": "1.0.0",
        "ndarray-gemm": "1.0.0",
        "ndarray-ops": "1.2.2",
        "ndarray-pack": "1.2.1",
        "numericjs": "1.2.6",
        "prettier": "3.8.1",
        "process": "0.11.10",
        "sinon": "21.0.1",
        "sylvester": "0.0.21",
        "tinybench": "6.0.0",
        "ts-node": "10.9.2",
        "typescript": "5.9.3",
        "webpack": "5.105.0",
        "zeros": "1.0.0"
      },
      "engines": {
        "node": ">= 18"
      }
    },
    "../VisualMathLab/node_modules/playwright": {
      "version": "1.61.1",
      "extraneous": true,
      "license": "Apache-2.0",
      "dependencies": {
        "playwright-core": "1.61.1"
      },
      "bin": {
        "playwright": "cli.js"
      },
      "engines": {
        "node": ">=18"
      },
      "optionalDependencies": {
        "fsevents": "2.3.2"
      }
    },
    "../VisualMathLab/node_modules/playwright-core": {
      "version": "1.61.1",
      "extraneous": true,
      "license": "Apache-2.0",
      "bin": {
        "playwright-core": "cli.js"
      },
      "engines": {
        "node": ">=18"
      }
    },
    "../VisualMathLab/node_modules/seedrandom": {
      "version": "3.0.5",
      "extraneous": true,
      "license": "MIT",
      "devDependencies": {
        "blanket": "latest",
        "coveralls": "latest",
        "grunt": "latest",
        "grunt-browserify": "latest",
        "grunt-cli": "latest",
        "grunt-contrib-connect": "latest",
        "grunt-contrib-copy": "latest",
        "grunt-contrib-qunit": "latest",
        "grunt-contrib-uglify": "latest",
        "grunt-mocha-nyc": "latest",
        "grunt-release": "davidbau/grunt-release",
        "mocha": "latest",
        "nyc": "latest",
        "proxyquire": "latest",
        "qunit": "latest",
        "requirejs": "latest"
      }
    },
    "../VisualMathLab/node_modules/tiny-emitter": {
      "version": "2.1.0",
      "extraneous": true,
      "license": "MIT",
      "devDependencies": {
        "@tap-format/spec": "0.2.0",
        "browserify": "11.2.0",
        "tape": "4.2.1",
        "testling": "1.7.1",
        "uglify-js": "2.5.0"
      }
    },
    "../VisualMathLab/node_modules/typed-function": {
      "version": "4.2.2",
      "extraneous": true,
      "license": "MIT",
      "devDependencies": {
        "@babel/cli": "7.28.3",
        "@babel/preset-env": "7.28.5",
        "benchmark": "2.1.4",
        "c8": "10.1.3",
        "cpy-cli": "6.0.0",
        "del-cli": "6.0.0",
        "eslint": "8.57.1",
        "eslint-config-standard": "17.1.0",
        "eslint-plugin-import": "2.32.0",
        "eslint-plugin-n": "16.6.2",
        "eslint-plugin-promise": "6.6.0",
        "mocha": "11.7.5",
        "npm-run-all": "4.1.5",
        "pad-right": "0.2.2",
        "rollup": "4.53.3"
      },
      "engines": {
        "node": ">= 18"
      }
    },
    "node_modules/mathjs": {
      "resolved": "../VisualMathLab/node_modules/mathjs",
      "link": true
    }
  }
}
